{
  "name": "md-to-easyeda-schematic",
  "version": "1.0.0",
  "lockfileVersion": 3,
  "requires": true,
  "packages": {
    "": {
      "name": "md-to-easyeda-schematic",
      "version": "1.0.0",
      "dependencies": {
        "markdown-table-parser": "^1.0.0",
        "marked": "^11.1.0"
      },
      "devDependencies": {}
    },
    "node_modules/markdown-table-parser": {
      "version": "1.0.2",
      "resolved": "https://registry.npmjs.org/markdown-table-parser/-/markdown-table-parser-1.0.2.tgz",
      "integrity": "sha512-+zxDEKkRv9Keiz1Qky4gxTQnAetdFrm+6H75uQ+oudAuX7wsojeI7QQSCUydZo8iHYM5Rhs6/328c94EFvNyiQ==",
      "license": "MIT"
    },
    "node_modules/marked": {
      "version": "11.2.0",
      "resolved": "https://registry.npmjs.org/marked/-/marked-11.2.0.tgz",
      "integrity": "sha512-HR0m3bvu0jAPYiIvLUUQtdg1g6D247//lvcekpHO1WMvbwDlwSkZAX9Lw4F4YHE1T0HaaNve0tuAWuV1UJ6vtw==",
      "license": "MIT",
      "bin": {
        "marked": "bin/marked.js"
      },
      "engines": {
        "node": ">= 18"
      }
    }
  }
}
